<Solution>
  <Folder Name="/test/">
    <Project Path="test/EventManager.API.IntegrationTests/EventManager.API.IntegrationTests.csproj" />
    <Project Path="test/EventManager.API.Tests/EventManager.API.Tests.csproj" />
  </Folder>
  <Project Path="src/EventManager.API/EventManager.API.csproj" />
</Solution>
